
Microsoft Visual Studio Solution File, Format Version 12.00
# Visual Studio Version 17
VisualStudioVersion = 17.14.36915.13 d17.14
MinimumVisualStudioVersion = 10.0.40219.1
Project("{FAE04EC0-301F-11D3-BF4B-00C04F79EFBC}") = "PokeLeague.Web", "PokeLeague.Web\PokeLeague.Web.csproj", "{75313D6A-3526-4D26-9CE2-AF091FF6264F}"
EndProject
Global
	GlobalSection(SolutionConfigurationPlatforms) = preSolution
		Debug|Any CPU = Debug|Any CPU
		Release|Any CPU = Release|Any CPU
	EndGlobalSection
	GlobalSection(ProjectConfigurationPlatforms) = postSolution
		{75313D6A-3526-4D26-9CE2-AF091FF6264F}.Debug|Any CPU.ActiveCfg = Debug|Any CPU
		{75313D6A-3526-4D26-9CE2-AF091FF6264F}.Debug|Any CPU.Build.0 = Debug|Any CPU
		{75313D6A-3526-4D26-9CE2-AF091FF6264F}.Release|Any CPU.ActiveCfg = Release|Any CPU
		{75313D6A-3526-4D26-9CE2-AF091FF6264F}.Release|Any CPU.Build.0 = Release|Any CPU
	EndGlobalSection
	GlobalSection(SolutionProperties) = preSolution
		HideSolutionNode = FALSE
	EndGlobalSection
	GlobalSection(ExtensibilityGlobals) = postSolution
		SolutionGuid = {03312811-55BE-4AAC-80DA-AE837966F37F}
	EndGlobalSection
EndGlobal
